
Microsoft Visual Studio Solution File, Format Version 12.00
# Visual Studio Version 17
VisualStudioVersion = 17.7.34009.444
MinimumVisualStudioVersion = 10.0.40219.1
Project("{FAE04EC0-301F-11D3-BF4B-00C04F79EFBC}") = "TestApi", "TestApi\TestApi.csproj", "{1820671D-BF2E-4BCC-B11A-1D93C2243ECB}"
EndProject
Global
	GlobalSection(SolutionConfigurationPlatforms) = preSolution
		Debug|Any CPU = Debug|Any CPU
		Release|Any CPU = Release|Any CPU
	EndGlobalSection
	GlobalSection(ProjectConfigurationPlatforms) = postSolution
		{1820671D-BF2E-4BCC-B11A-1D93C2243ECB}.Debug|Any CPU.ActiveCfg = Debug|Any CPU
		{1820671D-BF2E-4BCC-B11A-1D93C2243ECB}.Debug|Any CPU.Build.0 = Debug|Any CPU
		{1820671D-BF2E-4BCC-B11A-1D93C2243ECB}.Release|Any CPU.ActiveCfg = Release|Any CPU
		{1820671D-BF2E-4BCC-B11A-1D93C2243ECB}.Release|Any CPU.Build.0 = Release|Any CPU
	EndGlobalSection
	GlobalSection(SolutionProperties) = preSolution
		HideSolutionNode = FALSE
	EndGlobalSection
	GlobalSection(ExtensibilityGlobals) = postSolution
		SolutionGuid = {B1FA8D53-4064-4648-AD9E-481DE52EBF9F}
	EndGlobalSection
EndGlobal
